{
  "name": "bs-manager",
  "version": "1.4.6",
  "lockfileVersion": 2,
  "requires": true,
  "packages": {
    "": {
      "name": "bs-manager",
      "version": "1.4.6",
      "hasInstallScript": true,
      "license": "MIT",
      "dependencies": {
        "@resvg/resvg-js": "2.6.1-beta.0",
        "ps-list": "^7.2.0",
        "query-process": "^0.0.3",
        "regedit-rs": "^1.0.2"
      }
    },
    "node_modules/@resvg/resvg-js": {
      "version": "2.6.1-beta.0",
      "resolved": "https://registry.npmjs.org/@resvg/resvg-js/-/resvg-js-2.6.1-beta.0.tgz",
      "integrity": "sha512-BGeVLFPutYuHkWyWpsAoAzpETMUqtIrxgdqdLRfnJbM2/u2GRRCqYhrDsUV+W7mjPF+Mc4vT9pV+aqMO2rVk8g==",
      "engines": {
        "node": ">= 10"
      },
      "optionalDependencies": {
        "@resvg/resvg-js-android-arm-eabi": "2.6.1-beta.0",
        "@resvg/resvg-js-android-arm64": "2.6.1-beta.0",
        "@resvg/resvg-js-darwin-arm64": "2.6.1-beta.0",
        "@resvg/resvg-js-darwin-x64": "2.6.1-beta.0",
        "@resvg/resvg-js-linux-arm-gnueabihf": "2.6.1-beta.0",
        "@resvg/resvg-js-linux-arm64-gnu": "2.6.1-beta.0",
        "@resvg/resvg-js-linux-arm64-musl": "2.6.1-beta.0",
        "@resvg/resvg-js-linux-x64-gnu": "2.6.1-beta.0",
        "@resvg/resvg-js-linux-x64-musl": "2.6.1-beta.0",
        "@resvg/resvg-js-win32-arm64-msvc": "2.6.1-beta.0",
        "@resvg/resvg-js-win32-ia32-msvc": "2.6.1-beta.0",
        "@resvg/resvg-js-win32-x64-msvc": "2.6.1-beta.0"
      }
    },
    "node_modules/@resvg/resvg-js-android-arm-eabi": {
      "version": "2.6.1-beta.0",
      "resolved": "https://registry.npmjs.org/@resvg/resvg-js-android-arm-eabi/-/resvg-js-android-arm-eabi-2.6.1-beta.0.tgz",
      "integrity": "sha512-RQS7Ovk4T9Tl/FZ/AnuzNQJ9/2o3QePiEAnt6B5YsfYprWRA9KFFKDYFkNU100LXz7MTiS9slI4+7/9wzKlEmQ==",
      "cpu": [
        "arm"
      ],
      "optional": true,
      "os": [
        "android"
      ],
      "engines": {
        "node": ">= 10"
      }
    },
    "node_modules/@resvg/resvg-js-android-arm64": {
      "version": "2.6.1-beta.0",
      "resolved": "https://registry.npmjs.org/@resvg/resvg-js-android-arm64/-/resvg-js-android-arm64-2.6.1-beta.0.tgz",
      "integrity": "sha512-ckRDXP4NkHhDxl9LHsTvqsmL8wD2JnSpeD0eI3gWPp3eybgzKZkdzKk9lJSqC+CINLpaIl5zj9zG3AjJgEAKQA==",
      "cpu": [
        "arm64"
      ],
      "optional": true,
      "os": [
        "android"
      ],
      "engines": {
        "node": ">= 10"
      }
    },
    "node_modules/@resvg/resvg-js-darwin-arm64": {
      "version": "2.6.1-beta.0",
      "resolved": "https://registry.npmjs.org/@resvg/resvg-js-darwin-arm64/-/resvg-js-darwin-arm64-2.6.1-beta.0.tgz",
      "integrity": "sha512-8heCG/kfiGGBMfy3C4T7dXVio1RIm8pNMO8nYQBHIQSF7VLkZIuKRVhIw6e+WTnzn0NUUi3Uz7cbtfPzj/zOGQ==",
      "cpu": [
        "arm64"
      ],
      "optional": true,
      "os": [
        "darwin"
      ],
      "engines": {
        "node": ">= 10"
      }
    },
    "node_modules/@resvg/resvg-js-linux-arm-gnueabihf": {
      "version": "2.6.1-beta.0",
      "resolved": "https://registry.npmjs.org/@resvg/resvg-js-linux-arm-gnueabihf/-/resvg-js-linux-arm-gnueabihf-2.6.1-beta.0.tgz",
      "integrity": "sha512-llQk7bXAWXqk9elbuF3fVwDkVkfGZj5gPuZLICWRi58A3OBV7ZsMIqc7k/szn7JqH5RyOGn4daPkRV2vZ+bHRQ==",
      "cpu": [
        "arm"
      ],
      "optional": true,
      "os": [
        "linux"
      ],
      "engines": {
        "node": ">= 10"
      }
    },
    "node_modules/@resvg/resvg-js-linux-arm64-gnu": {
      "version": "2.6.1-beta.0",
      "resolved": "https://registry.npmjs.org/@resvg/resvg-js-linux-arm64-gnu/-/resvg-js-linux-arm64-gnu-2.6.1-beta.0.tgz",
      "integrity": "sha512-nkdA1d6J1db2TItrcOpxZfduaRyQQ052aYJIp3GOhl6WTvWTFRXYBz/MkGP3MOlwS9Q/K1y3H9BcV1yrJnsQOg==",
      "cpu": [
        "arm64"
      ],
      "optional": true,
      "os": [
        "linux"
      ],
      "engines": {
        "node": ">= 10"
      }
    },
    "node_modules/@resvg/resvg-js-linux-arm64-musl": {
      "version": "2.6.1-beta.0",
      "resolved": "https://registry.npmjs.org/@resvg/resvg-js-linux-arm64-musl/-/resvg-js-linux-arm64-musl-2.6.1-beta.0.tgz",
      "integrity": "sha512-qhPi4Q+Svx5DG/1Lmv6GglwS+wqRKywLVN6qlRy/lHm5AxAWDhGFDj2KqUvljIoUNpBBxvK60YGNf2d0raZDxA==",
      "cpu": [
        "arm64"
      ],
      "optional": true,
      "os": [
        "linux"
      ],
      "engines": {
        "node": ">= 10"
      }
    },
    "node_modules/@resvg/resvg-js-linux-x64-gnu": {
      "version": "2.6.1-beta.0",
      "resolved": "https://registry.npmjs.org/@resvg/resvg-js-linux-x64-gnu/-/resvg-js-linux-x64-gnu-2.6.1-beta.0.tgz",
      "integrity": "sha512-S3vX8LzMwOq7wa8XpEvz2+S4btmoupkdY+VBYs5gaYsmCtuMDBO9fHVJv8195NswCdUFh8wm7Co5Ob29Jz9L/Q==",
      "cpu": [
        "x64"
      ],
      "optional": true,
      "os": [
        "linux"
      ],
      "engines": {
        "node": ">= 10"
      }
    },
    "node_modules/@resvg/resvg-js-linux-x64-musl": {
      "version": "2.6.1-beta.0",
      "resolved": "https://registry.npmjs.org/@resvg/resvg-js-linux-x64-musl/-/resvg-js-linux-x64-musl-2.6.1-beta.0.tgz",
      "integrity": "sha512-yep4iSO29gU5w2A73X6QW+72n95SqWil8dLFG3Igoz7QePnp3SciD9+c6oEPe2DGp1OzEugz5R92+lLwH4W+Qg==",
      "cpu": [
        "x64"
      ],
      "optional": true,
      "os": [
        "linux"
      ],
      "engines": {
        "node": ">= 10"
      }
    },
    "node_modules/@resvg/resvg-js-win32-arm64-msvc": {
      "version": "2.6.1-beta.0",
      "resolved": "https://registry.npmjs.org/@resvg/resvg-js-win32-arm64-msvc/-/resvg-js-win32-arm64-msvc-2.6.1-beta.0.tgz",
      "integrity": "sha512-5UiIEQc4YcQ4uvLABp4E6tghJurTNFx8d/csQW92VciymzHzo9h0mExIV2Vo+gTwUhWs4ikvEW7uMS10Jdxvcw==",
      "cpu": [
        "arm64"
      ],
      "optional": true,
      "os": [
        "win32"
      ],
      "engines": {
        "node": ">= 10"
      }
    },
    "node_modules/@resvg/resvg-js-win32-ia32-msvc": {
      "version": "2.6.1-beta.0",
      "resolved": "https://registry.npmjs.org/@resvg/resvg-js-win32-ia32-msvc/-/resvg-js-win32-ia32-msvc-2.6.1-beta.0.tgz",
      "integrity": "sha512-H43+H0zy6ILb67XZEA2h01xE4aI2uwsAseCbdZQ9f+j+3lwO8DC6h3UtzPz3YevhdO/icfT4B/2a0Nl3k09a+w==",
      "cpu": [
        "ia32"
      ],
      "optional": true,
      "os": [
        "win32"
      ],
      "engines": {
        "node": ">= 10"
      }
    },
    "node_modules/@resvg/resvg-js-win32-x64-msvc": {
      "version": "2.6.1-beta.0",
      "resolved": "https://registry.npmjs.org/@resvg/resvg-js-win32-x64-msvc/-/resvg-js-win32-x64-msvc-2.6.1-beta.0.tgz",
      "integrity": "sha512-bwxP8ivsGSjN7uMQpyh8HpjJ4M+Tt6FgNs9zZKuHqaygVeSZ2G7zeVveeboRjLWMv7PEH/B6+7FA20YLOd8jJA==",
      "cpu": [
        "x64"
      ],
      "optional": true,
      "os": [
        "win32"
      ],
      "engines": {
        "node": ">= 10"
      }
    },
    "node_modules/ps-list": {
      "version": "7.2.0",
      "resolved": "https://registry.npmjs.org/ps-list/-/ps-list-7.2.0.tgz",
      "integrity": "sha512-v4Bl6I3f2kJfr5o80ShABNHAokIgY+wFDTQfE+X3zWYgSGQOCBeYptLZUpoOALBqO5EawmDN/tjTldJesd0ujQ==",
      "engines": {
        "node": ">=10"
      },
      "funding": {
        "url": "https://github.com/sponsors/sindresorhus"
      }
    },
    "node_modules/query-process": {
      "version": "0.0.3",
      "resolved": "https://registry.npmjs.org/query-process/-/query-process-0.0.3.tgz",
      "integrity": "sha512-6WRue0P+c84abP0o8MkDvigoS/gkkJzsSBt10PsOoBkP7Yodo4DducFsn9XyS4S+LuVYPAE5Hr4+kVNR5Onykg==",
      "engines": {
        "node": ">= 10"
      },
      "optionalDependencies": {
        "query-process-android-arm-eabi": "0.0.3",
        "query-process-android-arm64": "0.0.3",
        "query-process-linux-arm-gnueabihf": "0.0.3",
        "query-process-linux-arm64-gnu": "0.0.3",
        "query-process-linux-arm64-musl": "0.0.3",
        "query-process-linux-x64-gnu": "0.0.3",
        "query-process-linux-x64-musl": "0.0.3",
        "query-process-win32-arm64-msvc": "0.0.3",
        "query-process-win32-x64-msvc": "0.0.3"
      }
    },
    "node_modules/query-process-android-arm-eabi": {
      "version": "0.0.3",
      "resolved": "https://registry.npmjs.org/query-process-android-arm-eabi/-/query-process-android-arm-eabi-0.0.3.tgz",
      "integrity": "sha512-NB+9T+/poBcygDiG+7d2lJSeioP5ZyLT0HwUBdnLgNWvNCpzbJxydup1SLpnt5G2NF6nlTgbUZlH4hvxY7t/bw==",
      "cpu": [
        "arm"
      ],
      "optional": true,
      "os": [
        "android"
      ],
      "engines": {
        "node": ">= 10"
      }
    },
    "node_modules/query-process-android-arm64": {
      "version": "0.0.3",
      "resolved": "https://registry.npmjs.org/query-process-android-arm64/-/query-process-android-arm64-0.0.3.tgz",
      "integrity": "sha512-TiAw2yO62vQzM0s02471LToHyUs/PRkLGGlA715z10BPIM5NckzIe245AI45CDyH6tE/3nVHUd0LX/dfjQtTcw==",
      "cpu": [
        "arm64"
      ],
      "optional": true,
      "os": [
        "android"
      ],
      "engines": {
        "node": ">= 10"
      }
    },
    "node_modules/query-process-linux-arm-gnueabihf": {
      "version": "0.0.3",
      "resolved": "https://registry.npmjs.org/query-process-linux-arm-gnueabihf/-/query-process-linux-arm-gnueabihf-0.0.3.tgz",
      "integrity": "sha512-w7NLHBKt7qselCDoh/PVWyeuEb2NiiDDf1A9UB4K3Ns/H24hK3NbfMMBm8mCFxUnFUqoVX8O+VMs7dD/FNlTxA==",
      "cpu": [
        "arm"
      ],
      "optional": true,
      "os": [
        "linux"
      ],
      "engines": {
        "node": ">= 10"
      }
    },
    "node_modules/query-process-linux-arm64-gnu": {
      "version": "0.0.3",
      "resolved": "https://registry.npmjs.org/query-process-linux-arm64-gnu/-/query-process-linux-arm64-gnu-0.0.3.tgz",
      "integrity": "sha512-nrPHjnSqCBuuN7IZkZWOnBpiJjyKOjfpT0Xt2EjSGp+I7C0CHbnhCL/vG1hBzaWZn0mxJ5nf0c5N0Fja7krnpQ==",
      "cpu": [
        "arm64"
      ],
      "optional": true,
      "os": [
        "linux"
      ],
      "engines": {
        "node": ">= 10"
      }
    },
    "node_modules/query-process-linux-arm64-musl": {
      "version": "0.0.3",
      "resolved": "https://registry.npmjs.org/query-process-linux-arm64-musl/-/query-process-linux-arm64-musl-0.0.3.tgz",
      "integrity": "sha512-vk8xMYTnS1PRKhwJgqLKyBAGIFP2CYZW2BsaKuNgQKUrDv7NnBaG7yukZT8niHNO1ycSrFpR/xqeJ8R23hO07A==",
      "cpu": [
        "arm64"
      ],
      "optional": true,
      "os": [
        "linux"
      ],
      "engines": {
        "node": ">= 10"
      }
    },
    "node_modules/query-process-linux-x64-gnu": {
      "version": "0.0.3",
      "resolved": "https://registry.npmjs.org/query-process-linux-x64-gnu/-/query-process-linux-x64-gnu-0.0.3.tgz",
      "integrity": "sha512-j1tGcNnGyVCABJ1PHZD1gKuyuomNzsPow3NDuZzUGjPqvKu67RsmKJJJOhMyT1SvUkcqdLFdtS1KTD20I4GS5Q==",
      "cpu": [
        "x64"
      ],
      "optional": true,
      "os": [
        "linux"
      ],
      "engines": {
        "node": ">= 10"
      }
    },
    "node_modules/query-process-linux-x64-musl": {
      "version": "0.0.3",
      "resolved": "https://registry.npmjs.org/query-process-linux-x64-musl/-/query-process-linux-x64-musl-0.0.3.tgz",
      "integrity": "sha512-AOGrrI/Qcb30iKFstiW60zNG/HQevCY0Q38eMHGd7LrBZ5sEN7NzZOjzKp43KeNHejuZBDMxf0gdGAqDznOAng==",
      "cpu": [
        "x64"
      ],
      "optional": true,
      "os": [
        "linux"
      ],
      "engines": {
        "node": ">= 10"
      }
    },
    "node_modules/query-process-win32-arm64-msvc": {
      "version": "0.0.3",
      "resolved": "https://registry.npmjs.org/query-process-win32-arm64-msvc/-/query-process-win32-arm64-msvc-0.0.3.tgz",
      "integrity": "sha512-LHvxbzMFwPPUXHe4bDCAqs1bYbp8j0bMW8XyJGPZnIYrnwHz6g8VE5WQEtXQxSznsbfVxAKJXUtn088EjDVazw==",
      "cpu": [
        "arm64"
      ],
      "optional": true,
      "os": [
        "win32"
      ],
      "engines": {
        "node": ">= 10"
      }
    },
    "node_modules/query-process-win32-x64-msvc": {
      "version": "0.0.3",
      "resolved": "https://registry.npmjs.org/query-process-win32-x64-msvc/-/query-process-win32-x64-msvc-0.0.3.tgz",
      "integrity": "sha512-LfHAKmfqyKCgl9K+sTz0KyNwMwB79VcXZUy/Et9iQKLuZt7PDYpHWcFdhrfHw2qqIdKWTED8KmnmsOLhUn/2OA==",
      "cpu": [
        "x64"
      ],
      "optional": true,
      "os": [
        "win32"
      ],
      "engines": {
        "node": ">= 10"
      }
    },
    "node_modules/regedit-rs": {
      "version": "1.0.2",
      "resolved": "https://registry.npmjs.org/regedit-rs/-/regedit-rs-1.0.2.tgz",
      "integrity": "sha512-4vEgiZNO1FCG8z/Zx3v/6PU1+eZ+ELe6R0ca+VB96Vw+Mi3M0IVHAjtMFbl97lUSX11dJqpyousX/wY8QcI1lA==",
      "engines": {
        "node": ">= 10"
      },
      "optionalDependencies": {
        "regedit-rs-win32-arm64-msvc": "1.0.2",
        "regedit-rs-win32-ia32-msvc": "1.0.2",
        "regedit-rs-win32-x64-msvc": "1.0.2"
      }
    },
    "node_modules/regedit-rs-win32-arm64-msvc": {
      "version": "1.0.2",
      "resolved": "https://registry.npmjs.org/regedit-rs-win32-arm64-msvc/-/regedit-rs-win32-arm64-msvc-1.0.2.tgz",
      "integrity": "sha512-hM1sxazOJWKmiC9DM8QXW9Iqm50Mh/Y9G4/rRYQpWXjMzq7lTqjwVZRkAoBrHliFS6d1Lt4qkm5+Ybt6GkbDpw==",
      "cpu": [
        "arm64"
      ],
      "optional": true,
      "os": [
        "win32"
      ],
      "engines": {
        "node": ">= 10"
      }
    },
    "node_modules/regedit-rs-win32-ia32-msvc": {
      "version": "1.0.2",
      "resolved": "https://registry.npmjs.org/regedit-rs-win32-ia32-msvc/-/regedit-rs-win32-ia32-msvc-1.0.2.tgz",
      "integrity": "sha512-FLINrCJ30wm6NYw7skQUDET8NP1N46kH77dqesCiU+/FjWzzPE5luZYY+j4uf+hKjPY6/MCj2CB9l9VdPhaBVQ==",
      "cpu": [
        "ia32"
      ],
      "optional": true,
      "os": [
        "win32"
      ],
      "engines": {
        "node": ">= 10"
      }
    },
    "node_modules/regedit-rs-win32-x64-msvc": {
      "version": "1.0.2",
      "resolved": "https://registry.npmjs.org/regedit-rs-win32-x64-msvc/-/regedit-rs-win32-x64-msvc-1.0.2.tgz",
      "integrity": "sha512-ccCSyd5vWBKVWftBKLKzegqwwPMWcQtIW0ub66dCFFuv2s+x2EcZZWGdD9dVXX2Z6V9DU2JRPKgWUNjVPaj6Xg==",
      "cpu": [
        "x64"
      ],
      "optional": true,
      "os": [
        "win32"
      ],
      "engines": {
        "node": ">= 10"
      }
    }
  },
  "dependencies": {
    "@resvg/resvg-js": {
      "version": "2.6.1-beta.0",
      "resolved": "https://registry.npmjs.org/@resvg/resvg-js/-/resvg-js-2.6.1-beta.0.tgz",
      "integrity": "sha512-BGeVLFPutYuHkWyWpsAoAzpETMUqtIrxgdqdLRfnJbM2/u2GRRCqYhrDsUV+W7mjPF+Mc4vT9pV+aqMO2rVk8g==",
      "requires": {
        "@resvg/resvg-js-android-arm-eabi": "2.6.1-beta.0",
        "@resvg/resvg-js-android-arm64": "2.6.1-beta.0",
        "@resvg/resvg-js-darwin-arm64": "2.6.1-beta.0",
        "@resvg/resvg-js-darwin-x64": "2.6.1-beta.0",
        "@resvg/resvg-js-linux-arm-gnueabihf": "2.6.1-beta.0",
        "@resvg/resvg-js-linux-arm64-gnu": "2.6.1-beta.0",
        "@resvg/resvg-js-linux-arm64-musl": "2.6.1-beta.0",
        "@resvg/resvg-js-linux-x64-gnu": "2.6.1-beta.0",
        "@resvg/resvg-js-linux-x64-musl": "2.6.1-beta.0",
        "@resvg/resvg-js-win32-arm64-msvc": "2.6.1-beta.0",
        "@resvg/resvg-js-win32-ia32-msvc": "2.6.1-beta.0",
        "@resvg/resvg-js-win32-x64-msvc": "2.6.1-beta.0"
      }
    },
    "@resvg/resvg-js-android-arm-eabi": {
      "version": "2.6.1-beta.0",
      "resolved": "https://registry.npmjs.org/@resvg/resvg-js-android-arm-eabi/-/resvg-js-android-arm-eabi-2.6.1-beta.0.tgz",
      "integrity": "sha512-RQS7Ovk4T9Tl/FZ/AnuzNQJ9/2o3QePiEAnt6B5YsfYprWRA9KFFKDYFkNU100LXz7MTiS9slI4+7/9wzKlEmQ==",
      "optional": true
    },
    "@resvg/resvg-js-android-arm64": {
      "version": "2.6.1-beta.0",
      "resolved": "https://registry.npmjs.org/@resvg/resvg-js-android-arm64/-/resvg-js-android-arm64-2.6.1-beta.0.tgz",
      "integrity": "sha512-ckRDXP4NkHhDxl9LHsTvqsmL8wD2JnSpeD0eI3gWPp3eybgzKZkdzKk9lJSqC+CINLpaIl5zj9zG3AjJgEAKQA==",
      "optional": true
    },
    "@resvg/resvg-js-darwin-arm64": {
      "version": "2.6.1-beta.0",
      "resolved": "https://registry.npmjs.org/@resvg/resvg-js-darwin-arm64/-/resvg-js-darwin-arm64-2.6.1-beta.0.tgz",
      "integrity": "sha512-8heCG/kfiGGBMfy3C4T7dXVio1RIm8pNMO8nYQBHIQSF7VLkZIuKRVhIw6e+WTnzn0NUUi3Uz7cbtfPzj/zOGQ==",
      "optional": true
    },
    "@resvg/resvg-js-linux-arm-gnueabihf": {
      "version": "2.6.1-beta.0",
      "resolved": "https://registry.npmjs.org/@resvg/resvg-js-linux-arm-gnueabihf/-/resvg-js-linux-arm-gnueabihf-2.6.1-beta.0.tgz",
      "integrity": "sha512-llQk7bXAWXqk9elbuF3fVwDkVkfGZj5gPuZLICWRi58A3OBV7ZsMIqc7k/szn7JqH5RyOGn4daPkRV2vZ+bHRQ==",
      "optional": true
    },
    "@resvg/resvg-js-linux-arm64-gnu": {
      "version": "2.6.1-beta.0",
      "resolved": "https://registry.npmjs.org/@resvg/resvg-js-linux-arm64-gnu/-/resvg-js-linux-arm64-gnu-2.6.1-beta.0.tgz",
      "integrity": "sha512-nkdA1d6J1db2TItrcOpxZfduaRyQQ052aYJIp3GOhl6WTvWTFRXYBz/MkGP3MOlwS9Q/K1y3H9BcV1yrJnsQOg==",
      "optional": true
    },
    "@resvg/resvg-js-linux-arm64-musl": {
      "version": "2.6.1-beta.0",
      "resolved": "https://registry.npmjs.org/@resvg/resvg-js-linux-arm64-musl/-/resvg-js-linux-arm64-musl-2.6.1-beta.0.tgz",
      "integrity": "sha512-qhPi4Q+Svx5DG/1Lmv6GglwS+wqRKywLVN6qlRy/lHm5AxAWDhGFDj2KqUvljIoUNpBBxvK60YGNf2d0raZDxA==",
      "optional": true
    },
    "@resvg/resvg-js-linux-x64-gnu": {
      "version": "2.6.1-beta.0",
      "resolved": "https://registry.npmjs.org/@resvg/resvg-js-linux-x64-gnu/-/resvg-js-linux-x64-gnu-2.6.1-beta.0.tgz",
      "integrity": "sha512-S3vX8LzMwOq7wa8XpEvz2+S4btmoupkdY+VBYs5gaYsmCtuMDBO9fHVJv8195NswCdUFh8wm7Co5Ob29Jz9L/Q==",
      "optional": true
    },
    "@resvg/resvg-js-linux-x64-musl": {
      "version": "2.6.1-beta.0",
      "resolved": "https://registry.npmjs.org/@resvg/resvg-js-linux-x64-musl/-/resvg-js-linux-x64-musl-2.6.1-beta.0.tgz",
      "integrity": "sha512-yep4iSO29gU5w2A73X6QW+72n95SqWil8dLFG3Igoz7QePnp3SciD9+c6oEPe2DGp1OzEugz5R92+lLwH4W+Qg==",
      "optional": true
    },
    "@resvg/resvg-js-win32-arm64-msvc": {
      "version": "2.6.1-beta.0",
      "resolved": "https://registry.npmjs.org/@resvg/resvg-js-win32-arm64-msvc/-/resvg-js-win32-arm64-msvc-2.6.1-beta.0.tgz",
      "integrity": "sha512-5UiIEQc4YcQ4uvLABp4E6tghJurTNFx8d/csQW92VciymzHzo9h0mExIV2Vo+gTwUhWs4ikvEW7uMS10Jdxvcw==",
      "optional": true
    },
    "@resvg/resvg-js-win32-ia32-msvc": {
      "version": "2.6.1-beta.0",
      "resolved": "https://registry.npmjs.org/@resvg/resvg-js-win32-ia32-msvc/-/resvg-js-win32-ia32-msvc-2.6.1-beta.0.tgz",
      "integrity": "sha512-H43+H0zy6ILb67XZEA2h01xE4aI2uwsAseCbdZQ9f+j+3lwO8DC6h3UtzPz3YevhdO/icfT4B/2a0Nl3k09a+w==",
      "optional": true
    },
    "@resvg/resvg-js-win32-x64-msvc": {
      "version": "2.6.1-beta.0",
      "resolved": "https://registry.npmjs.org/@resvg/resvg-js-win32-x64-msvc/-/resvg-js-win32-x64-msvc-2.6.1-beta.0.tgz",
      "integrity": "sha512-bwxP8ivsGSjN7uMQpyh8HpjJ4M+Tt6FgNs9zZKuHqaygVeSZ2G7zeVveeboRjLWMv7PEH/B6+7FA20YLOd8jJA==",
      "optional": true
    },
    "ps-list": {
      "version": "7.2.0",
      "resolved": "https://registry.npmjs.org/ps-list/-/ps-list-7.2.0.tgz",
      "integrity": "sha512-v4Bl6I3f2kJfr5o80ShABNHAokIgY+wFDTQfE+X3zWYgSGQOCBeYptLZUpoOALBqO5EawmDN/tjTldJesd0ujQ=="
    },
    "query-process": {
      "version": "0.0.3",
      "resolved": "https://registry.npmjs.org/query-process/-/query-process-0.0.3.tgz",
      "integrity": "sha512-6WRue0P+c84abP0o8MkDvigoS/gkkJzsSBt10PsOoBkP7Yodo4DducFsn9XyS4S+LuVYPAE5Hr4+kVNR5Onykg==",
      "requires": {
        "query-process-android-arm-eabi": "0.0.3",
        "query-process-android-arm64": "0.0.3",
        "query-process-linux-arm-gnueabihf": "0.0.3",
        "query-process-linux-arm64-gnu": "0.0.3",
        "query-process-linux-arm64-musl": "0.0.3",
        "query-process-linux-x64-gnu": "0.0.3",
        "query-process-linux-x64-musl": "0.0.3",
        "query-process-win32-arm64-msvc": "0.0.3",
        "query-process-win32-x64-msvc": "0.0.3"
      }
    },
    "query-process-android-arm-eabi": {
      "version": "0.0.3",
      "resolved": "https://registry.npmjs.org/query-process-android-arm-eabi/-/query-process-android-arm-eabi-0.0.3.tgz",
      "integrity": "sha512-NB+9T+/poBcygDiG+7d2lJSeioP5ZyLT0HwUBdnLgNWvNCpzbJxydup1SLpnt5G2NF6nlTgbUZlH4hvxY7t/bw==",
      "optional": true
    },
    "query-process-android-arm64": {
      "version": "0.0.3",
      "resolved": "https://registry.npmjs.org/query-process-android-arm64/-/query-process-android-arm64-0.0.3.tgz",
      "integrity": "sha512-TiAw2yO62vQzM0s02471LToHyUs/PRkLGGlA715z10BPIM5NckzIe245AI45CDyH6tE/3nVHUd0LX/dfjQtTcw==",
      "optional": true
    },
    "query-process-linux-arm-gnueabihf": {
      "version": "0.0.3",
      "resolved": "https://registry.npmjs.org/query-process-linux-arm-gnueabihf/-/query-process-linux-arm-gnueabihf-0.0.3.tgz",
      "integrity": "sha512-w7NLHBKt7qselCDoh/PVWyeuEb2NiiDDf1A9UB4K3Ns/H24hK3NbfMMBm8mCFxUnFUqoVX8O+VMs7dD/FNlTxA==",
      "optional": true
    },
    "query-process-linux-arm64-gnu": {
      "version": "0.0.3",
      "resolved": "https://registry.npmjs.org/query-process-linux-arm64-gnu/-/query-process-linux-arm64-gnu-0.0.3.tgz",
      "integrity": "sha512-nrPHjnSqCBuuN7IZkZWOnBpiJjyKOjfpT0Xt2EjSGp+I7C0CHbnhCL/vG1hBzaWZn0mxJ5nf0c5N0Fja7krnpQ==",
      "optional": true
    },
    "query-process-linux-arm64-musl": {
      "version": "0.0.3",
      "resolved": "https://registry.npmjs.org/query-process-linux-arm64-musl/-/query-process-linux-arm64-musl-0.0.3.tgz",
      "integrity": "sha512-vk8xMYTnS1PRKhwJgqLKyBAGIFP2CYZW2BsaKuNgQKUrDv7NnBaG7yukZT8niHNO1ycSrFpR/xqeJ8R23hO07A==",
      "optional": true
    },
    "query-process-linux-x64-gnu": {
      "version": "0.0.3",
      "resolved": "https://registry.npmjs.org/query-process-linux-x64-gnu/-/query-process-linux-x64-gnu-0.0.3.tgz",
      "integrity": "sha512-j1tGcNnGyVCABJ1PHZD1gKuyuomNzsPow3NDuZzUGjPqvKu67RsmKJJJOhMyT1SvUkcqdLFdtS1KTD20I4GS5Q==",
      "optional": true
    },
    "query-process-linux-x64-musl": {
      "version": "0.0.3",
      "resolved": "https://registry.npmjs.org/query-process-linux-x64-musl/-/query-process-linux-x64-musl-0.0.3.tgz",
      "integrity": "sha512-AOGrrI/Qcb30iKFstiW60zNG/HQevCY0Q38eMHGd7LrBZ5sEN7NzZOjzKp43KeNHejuZBDMxf0gdGAqDznOAng==",
      "optional": true
    },
    "query-process-win32-arm64-msvc": {
      "version": "0.0.3",
      "resolved": "https://registry.npmjs.org/query-process-win32-arm64-msvc/-/query-process-win32-arm64-msvc-0.0.3.tgz",
      "integrity": "sha512-LHvxbzMFwPPUXHe4bDCAqs1bYbp8j0bMW8XyJGPZnIYrnwHz6g8VE5WQEtXQxSznsbfVxAKJXUtn088EjDVazw==",
      "optional": true
    },
    "query-process-win32-x64-msvc": {
      "version": "0.0.3",
      "resolved": "https://registry.npmjs.org/query-process-win32-x64-msvc/-/query-process-win32-x64-msvc-0.0.3.tgz",
      "integrity": "sha512-LfHAKmfqyKCgl9K+sTz0KyNwMwB79VcXZUy/Et9iQKLuZt7PDYpHWcFdhrfHw2qqIdKWTED8KmnmsOLhUn/2OA==",
      "optional": true
    },
    "regedit-rs": {
      "version": "1.0.2",
      "resolved": "https://registry.npmjs.org/regedit-rs/-/regedit-rs-1.0.2.tgz",
      "integrity": "sha512-4vEgiZNO1FCG8z/Zx3v/6PU1+eZ+ELe6R0ca+VB96Vw+Mi3M0IVHAjtMFbl97lUSX11dJqpyousX/wY8QcI1lA==",
      "requires": {
        "regedit-rs-win32-arm64-msvc": "1.0.2",
        "regedit-rs-win32-ia32-msvc": "1.0.2",
        "regedit-rs-win32-x64-msvc": "1.0.2"
      }
    },
    "regedit-rs-win32-arm64-msvc": {
      "version": "1.0.2",
      "resolved": "https://registry.npmjs.org/regedit-rs-win32-arm64-msvc/-/regedit-rs-win32-arm64-msvc-1.0.2.tgz",
      "integrity": "sha512-hM1sxazOJWKmiC9DM8QXW9Iqm50Mh/Y9G4/rRYQpWXjMzq7lTqjwVZRkAoBrHliFS6d1Lt4qkm5+Ybt6GkbDpw==",
      "optional": true
    },
    "regedit-rs-win32-ia32-msvc": {
      "version": "1.0.2",
      "resolved": "https://registry.npmjs.org/regedit-rs-win32-ia32-msvc/-/regedit-rs-win32-ia32-msvc-1.0.2.tgz",
      "integrity": "sha512-FLINrCJ30wm6NYw7skQUDET8NP1N46kH77dqesCiU+/FjWzzPE5luZYY+j4uf+hKjPY6/MCj2CB9l9VdPhaBVQ==",
      "optional": true
    },
    "regedit-rs-win32-x64-msvc": {
      "version": "1.0.2",
      "resolved": "https://registry.npmjs.org/regedit-rs-win32-x64-msvc/-/regedit-rs-win32-x64-msvc-1.0.2.tgz",
      "integrity": "sha512-ccCSyd5vWBKVWftBKLKzegqwwPMWcQtIW0ub66dCFFuv2s+x2EcZZWGdD9dVXX2Z6V9DU2JRPKgWUNjVPaj6Xg==",
      "optional": true
    }
  }
}
