{
  "name": "bs-manager",
  "version": "1.5.0",
  "lockfileVersion": 3,
  "requires": true,
  "packages": {
    "": {
      "name": "bs-manager",
      "version": "1.5.0",
      "hasInstallScript": true,
      "license": "MIT",
      "dependencies": {
        "@resvg/resvg-js": "2.6.2",
        "ps-list": "^7.2.0",
        "query-process": "^0.0.3",
        "regedit-rs": "^1.0.2"
      }
    },
    "node_modules/@resvg/resvg-js": {
      "version": "2.6.2",
      "resolved": "https://registry.npmjs.org/@resvg/resvg-js/-/resvg-js-2.6.2.tgz",
      "integrity": "sha512-xBaJish5OeGmniDj9cW5PRa/PtmuVU3ziqrbr5xJj901ZDN4TosrVaNZpEiLZAxdfnhAe7uQ7QFWfjPe9d9K2Q==",
      "engines": {
        "node": ">= 10"
      },
      "optionalDependencies": {
        "@resvg/resvg-js-android-arm-eabi": "2.6.2",
        "@resvg/resvg-js-android-arm64": "2.6.2",
        "@resvg/resvg-js-darwin-arm64": "2.6.2",
        "@resvg/resvg-js-darwin-x64": "2.6.2",
        "@resvg/resvg-js-linux-arm-gnueabihf": "2.6.2",
        "@resvg/resvg-js-linux-arm64-gnu": "2.6.2",
        "@resvg/resvg-js-linux-arm64-musl": "2.6.2",
        "@resvg/resvg-js-linux-x64-gnu": "2.6.2",
        "@resvg/resvg-js-linux-x64-musl": "2.6.2",
        "@resvg/resvg-js-win32-arm64-msvc": "2.6.2",
        "@resvg/resvg-js-win32-ia32-msvc": "2.6.2",
        "@resvg/resvg-js-win32-x64-msvc": "2.6.2"
      }
    },
    "node_modules/@resvg/resvg-js-linux-x64-gnu": {
      "version": "2.6.2",
      "resolved": "https://registry.npmjs.org/@resvg/resvg-js-linux-x64-gnu/-/resvg-js-linux-x64-gnu-2.6.2.tgz",
      "integrity": "sha512-IVUe+ckIerA7xMZ50duAZzwf1U7khQe2E0QpUxu5MBJNao5RqC0zwV/Zm965vw6D3gGFUl7j4m+oJjubBVoftw==",
      "cpu": [
        "x64"
      ],
      "license": "MPL-2.0",
      "optional": true,
      "os": [
        "linux"
      ],
      "engines": {
        "node": ">= 10"
      }
    },
    "node_modules/@resvg/resvg-js-win32-x64-msvc": {
      "version": "2.6.2",
      "resolved": "https://registry.npmjs.org/@resvg/resvg-js-win32-x64-msvc/-/resvg-js-win32-x64-msvc-2.6.2.tgz",
      "integrity": "sha512-ZXtYhtUr5SSaBrUDq7DiyjOFJqBVL/dOBN7N/qmi/pO0IgiWW/f/ue3nbvu9joWE5aAKDoIzy/CxsY0suwGosQ==",
      "cpu": [
        "x64"
      ],
      "optional": true,
      "os": [
        "win32"
      ],
      "engines": {
        "node": ">= 10"
      }
    },
    "node_modules/ps-list": {
      "version": "7.2.0",
      "resolved": "https://registry.npmjs.org/ps-list/-/ps-list-7.2.0.tgz",
      "integrity": "sha512-v4Bl6I3f2kJfr5o80ShABNHAokIgY+wFDTQfE+X3zWYgSGQOCBeYptLZUpoOALBqO5EawmDN/tjTldJesd0ujQ==",
      "engines": {
        "node": ">=10"
      },
      "funding": {
        "url": "https://github.com/sponsors/sindresorhus"
      }
    },
    "node_modules/query-process": {
      "version": "0.0.3",
      "resolved": "https://registry.npmjs.org/query-process/-/query-process-0.0.3.tgz",
      "integrity": "sha512-6WRue0P+c84abP0o8MkDvigoS/gkkJzsSBt10PsOoBkP7Yodo4DducFsn9XyS4S+LuVYPAE5Hr4+kVNR5Onykg==",
      "engines": {
        "node": ">= 10"
      },
      "optionalDependencies": {
        "query-process-android-arm-eabi": "0.0.3",
        "query-process-android-arm64": "0.0.3",
        "query-process-linux-arm-gnueabihf": "0.0.3",
        "query-process-linux-arm64-gnu": "0.0.3",
        "query-process-linux-arm64-musl": "0.0.3",
        "query-process-linux-x64-gnu": "0.0.3",
        "query-process-linux-x64-musl": "0.0.3",
        "query-process-win32-arm64-msvc": "0.0.3",
        "query-process-win32-x64-msvc": "0.0.3"
      }
    },
    "node_modules/query-process-win32-x64-msvc": {
      "version": "0.0.3",
      "resolved": "https://registry.npmjs.org/query-process-win32-x64-msvc/-/query-process-win32-x64-msvc-0.0.3.tgz",
      "integrity": "sha512-LfHAKmfqyKCgl9K+sTz0KyNwMwB79VcXZUy/Et9iQKLuZt7PDYpHWcFdhrfHw2qqIdKWTED8KmnmsOLhUn/2OA==",
      "cpu": [
        "x64"
      ],
      "optional": true,
      "os": [
        "win32"
      ],
      "engines": {
        "node": ">= 10"
      }
    },
    "node_modules/regedit-rs": {
      "version": "1.0.2",
      "resolved": "https://registry.npmjs.org/regedit-rs/-/regedit-rs-1.0.2.tgz",
      "integrity": "sha512-4vEgiZNO1FCG8z/Zx3v/6PU1+eZ+ELe6R0ca+VB96Vw+Mi3M0IVHAjtMFbl97lUSX11dJqpyousX/wY8QcI1lA==",
      "engines": {
        "node": ">= 10"
      },
      "optionalDependencies": {
        "regedit-rs-win32-arm64-msvc": "1.0.2",
        "regedit-rs-win32-ia32-msvc": "1.0.2",
        "regedit-rs-win32-x64-msvc": "1.0.2"
      }
    },
    "node_modules/regedit-rs-win32-x64-msvc": {
      "version": "1.0.2",
      "resolved": "https://registry.npmjs.org/regedit-rs-win32-x64-msvc/-/regedit-rs-win32-x64-msvc-1.0.2.tgz",
      "integrity": "sha512-ccCSyd5vWBKVWftBKLKzegqwwPMWcQtIW0ub66dCFFuv2s+x2EcZZWGdD9dVXX2Z6V9DU2JRPKgWUNjVPaj6Xg==",
      "cpu": [
        "x64"
      ],
      "optional": true,
      "os": [
        "win32"
      ],
      "engines": {
        "node": ">= 10"
      }
    }
  }
}
