{
  "name": "bs-manager",
  "version": "1.4.7",
  "lockfileVersion": 2,
  "requires": true,
  "packages": {
    "": {
      "name": "bs-manager",
      "version": "1.4.7",
      "hasInstallScript": true,
      "license": "MIT",
      "dependencies": {
        "@resvg/resvg-js": "2.6.2",
        "ps-list": "^7.2.0",
        "query-process": "^0.0.3",
        "regedit-rs": "^1.0.2"
      }
    },
    "node_modules/@resvg/resvg-js": {
      "version": "2.6.2",
      "resolved": "https://registry.npmjs.org/@resvg/resvg-js/-/resvg-js-2.6.2.tgz",
      "integrity": "sha512-xBaJish5OeGmniDj9cW5PRa/PtmuVU3ziqrbr5xJj901ZDN4TosrVaNZpEiLZAxdfnhAe7uQ7QFWfjPe9d9K2Q==",
      "engines": {
        "node": ">= 10"
      },
      "optionalDependencies": {
        "@resvg/resvg-js-android-arm-eabi": "2.6.2",
        "@resvg/resvg-js-android-arm64": "2.6.2",
        "@resvg/resvg-js-darwin-arm64": "2.6.2",
        "@resvg/resvg-js-darwin-x64": "2.6.2",
        "@resvg/resvg-js-linux-arm-gnueabihf": "2.6.2",
        "@resvg/resvg-js-linux-arm64-gnu": "2.6.2",
        "@resvg/resvg-js-linux-arm64-musl": "2.6.2",
        "@resvg/resvg-js-linux-x64-gnu": "2.6.2",
        "@resvg/resvg-js-linux-x64-musl": "2.6.2",
        "@resvg/resvg-js-win32-arm64-msvc": "2.6.2",
        "@resvg/resvg-js-win32-ia32-msvc": "2.6.2",
        "@resvg/resvg-js-win32-x64-msvc": "2.6.2"
      }
    },
    "node_modules/@resvg/resvg-js-android-arm-eabi": {
      "version": "2.6.2",
      "resolved": "https://registry.npmjs.org/@resvg/resvg-js-android-arm-eabi/-/resvg-js-android-arm-eabi-2.6.2.tgz",
      "integrity": "sha512-FrJibrAk6v29eabIPgcTUMPXiEz8ssrAk7TXxsiZzww9UTQ1Z5KAbFJs+Z0Ez+VZTYgnE5IQJqBcoSiMebtPHA==",
      "cpu": [
        "arm"
      ],
      "optional": true,
      "os": [
        "android"
      ],
      "engines": {
        "node": ">= 10"
      }
    },
    "node_modules/@resvg/resvg-js-android-arm64": {
      "version": "2.6.2",
      "resolved": "https://registry.npmjs.org/@resvg/resvg-js-android-arm64/-/resvg-js-android-arm64-2.6.2.tgz",
      "integrity": "sha512-VcOKezEhm2VqzXpcIJoITuvUS/fcjIw5NA/w3tjzWyzmvoCdd+QXIqy3FBGulWdClvp4g+IfUemigrkLThSjAQ==",
      "cpu": [
        "arm64"
      ],
      "optional": true,
      "os": [
        "android"
      ],
      "engines": {
        "node": ">= 10"
      }
    },
    "node_modules/@resvg/resvg-js-darwin-arm64": {
      "version": "2.6.2",
      "resolved": "https://registry.npmjs.org/@resvg/resvg-js-darwin-arm64/-/resvg-js-darwin-arm64-2.6.2.tgz",
      "integrity": "sha512-nmok2LnAd6nLUKI16aEB9ydMC6Lidiiq2m1nEBDR1LaaP7FGs4AJ90qDraxX+CWlVuRlvNjyYJTNv8qFjtL9+A==",
      "cpu": [
        "arm64"
      ],
      "optional": true,
      "os": [
        "darwin"
      ],
      "engines": {
        "node": ">= 10"
      }
    },
    "node_modules/@resvg/resvg-js-darwin-x64": {
      "version": "2.6.2",
      "resolved": "https://registry.npmjs.org/@resvg/resvg-js-darwin-x64/-/resvg-js-darwin-x64-2.6.2.tgz",
      "integrity": "sha512-GInyZLjgWDfsVT6+SHxQVRwNzV0AuA1uqGsOAW+0th56J7Nh6bHHKXHBWzUrihxMetcFDmQMAX1tZ1fZDYSRsw==",
      "cpu": [
        "x64"
      ],
      "optional": true,
      "os": [
        "darwin"
      ],
      "engines": {
        "node": ">= 10"
      }
    },
    "node_modules/@resvg/resvg-js-linux-arm-gnueabihf": {
      "version": "2.6.2",
      "resolved": "https://registry.npmjs.org/@resvg/resvg-js-linux-arm-gnueabihf/-/resvg-js-linux-arm-gnueabihf-2.6.2.tgz",
      "integrity": "sha512-YIV3u/R9zJbpqTTNwTZM5/ocWetDKGsro0SWp70eGEM9eV2MerWyBRZnQIgzU3YBnSBQ1RcxRZvY/UxwESfZIw==",
      "cpu": [
        "arm"
      ],
      "optional": true,
      "os": [
        "linux"
      ],
      "engines": {
        "node": ">= 10"
      }
    },
    "node_modules/@resvg/resvg-js-linux-arm64-gnu": {
      "version": "2.6.2",
      "resolved": "https://registry.npmjs.org/@resvg/resvg-js-linux-arm64-gnu/-/resvg-js-linux-arm64-gnu-2.6.2.tgz",
      "integrity": "sha512-zc2BlJSim7YR4FZDQ8OUoJg5holYzdiYMeobb9pJuGDidGL9KZUv7SbiD4E8oZogtYY42UZEap7dqkkYuA91pg==",
      "cpu": [
        "arm64"
      ],
      "optional": true,
      "os": [
        "linux"
      ],
      "engines": {
        "node": ">= 10"
      }
    },
    "node_modules/@resvg/resvg-js-linux-arm64-musl": {
      "version": "2.6.2",
      "resolved": "https://registry.npmjs.org/@resvg/resvg-js-linux-arm64-musl/-/resvg-js-linux-arm64-musl-2.6.2.tgz",
      "integrity": "sha512-3h3dLPWNgSsD4lQBJPb4f+kvdOSJHa5PjTYVsWHxLUzH4IFTJUAnmuWpw4KqyQ3NA5QCyhw4TWgxk3jRkQxEKg==",
      "cpu": [
        "arm64"
      ],
      "optional": true,
      "os": [
        "linux"
      ],
      "engines": {
        "node": ">= 10"
      }
    },
    "node_modules/@resvg/resvg-js-linux-x64-gnu": {
      "version": "2.6.2",
      "resolved": "https://registry.npmjs.org/@resvg/resvg-js-linux-x64-gnu/-/resvg-js-linux-x64-gnu-2.6.2.tgz",
      "integrity": "sha512-IVUe+ckIerA7xMZ50duAZzwf1U7khQe2E0QpUxu5MBJNao5RqC0zwV/Zm965vw6D3gGFUl7j4m+oJjubBVoftw==",
      "cpu": [
        "x64"
      ],
      "optional": true,
      "os": [
        "linux"
      ],
      "engines": {
        "node": ">= 10"
      }
    },
    "node_modules/@resvg/resvg-js-linux-x64-musl": {
      "version": "2.6.2",
      "resolved": "https://registry.npmjs.org/@resvg/resvg-js-linux-x64-musl/-/resvg-js-linux-x64-musl-2.6.2.tgz",
      "integrity": "sha512-UOf83vqTzoYQO9SZ0fPl2ZIFtNIz/Rr/y+7X8XRX1ZnBYsQ/tTb+cj9TE+KHOdmlTFBxhYzVkP2lRByCzqi4jQ==",
      "cpu": [
        "x64"
      ],
      "optional": true,
      "os": [
        "linux"
      ],
      "engines": {
        "node": ">= 10"
      }
    },
    "node_modules/@resvg/resvg-js-win32-arm64-msvc": {
      "version": "2.6.2",
      "resolved": "https://registry.npmjs.org/@resvg/resvg-js-win32-arm64-msvc/-/resvg-js-win32-arm64-msvc-2.6.2.tgz",
      "integrity": "sha512-7C/RSgCa+7vqZ7qAbItfiaAWhyRSoD4l4BQAbVDqRRsRgY+S+hgS3in0Rxr7IorKUpGE69X48q6/nOAuTJQxeQ==",
      "cpu": [
        "arm64"
      ],
      "optional": true,
      "os": [
        "win32"
      ],
      "engines": {
        "node": ">= 10"
      }
    },
    "node_modules/@resvg/resvg-js-win32-ia32-msvc": {
      "version": "2.6.2",
      "resolved": "https://registry.npmjs.org/@resvg/resvg-js-win32-ia32-msvc/-/resvg-js-win32-ia32-msvc-2.6.2.tgz",
      "integrity": "sha512-har4aPAlvjnLcil40AC77YDIk6loMawuJwFINEM7n0pZviwMkMvjb2W5ZirsNOZY4aDbo5tLx0wNMREp5Brk+w==",
      "cpu": [
        "ia32"
      ],
      "optional": true,
      "os": [
        "win32"
      ],
      "engines": {
        "node": ">= 10"
      }
    },
    "node_modules/@resvg/resvg-js-win32-x64-msvc": {
      "version": "2.6.2",
      "resolved": "https://registry.npmjs.org/@resvg/resvg-js-win32-x64-msvc/-/resvg-js-win32-x64-msvc-2.6.2.tgz",
      "integrity": "sha512-ZXtYhtUr5SSaBrUDq7DiyjOFJqBVL/dOBN7N/qmi/pO0IgiWW/f/ue3nbvu9joWE5aAKDoIzy/CxsY0suwGosQ==",
      "cpu": [
        "x64"
      ],
      "optional": true,
      "os": [
        "win32"
      ],
      "engines": {
        "node": ">= 10"
      }
    },
    "node_modules/ps-list": {
      "version": "7.2.0",
      "resolved": "https://registry.npmjs.org/ps-list/-/ps-list-7.2.0.tgz",
      "integrity": "sha512-v4Bl6I3f2kJfr5o80ShABNHAokIgY+wFDTQfE+X3zWYgSGQOCBeYptLZUpoOALBqO5EawmDN/tjTldJesd0ujQ==",
      "engines": {
        "node": ">=10"
      },
      "funding": {
        "url": "https://github.com/sponsors/sindresorhus"
      }
    },
    "node_modules/query-process": {
      "version": "0.0.3",
      "resolved": "https://registry.npmjs.org/query-process/-/query-process-0.0.3.tgz",
      "integrity": "sha512-6WRue0P+c84abP0o8MkDvigoS/gkkJzsSBt10PsOoBkP7Yodo4DducFsn9XyS4S+LuVYPAE5Hr4+kVNR5Onykg==",
      "engines": {
        "node": ">= 10"
      },
      "optionalDependencies": {
        "query-process-android-arm-eabi": "0.0.3",
        "query-process-android-arm64": "0.0.3",
        "query-process-linux-arm-gnueabihf": "0.0.3",
        "query-process-linux-arm64-gnu": "0.0.3",
        "query-process-linux-arm64-musl": "0.0.3",
        "query-process-linux-x64-gnu": "0.0.3",
        "query-process-linux-x64-musl": "0.0.3",
        "query-process-win32-arm64-msvc": "0.0.3",
        "query-process-win32-x64-msvc": "0.0.3"
      }
    },
    "node_modules/query-process-android-arm-eabi": {
      "version": "0.0.3",
      "resolved": "https://registry.npmjs.org/query-process-android-arm-eabi/-/query-process-android-arm-eabi-0.0.3.tgz",
      "integrity": "sha512-NB+9T+/poBcygDiG+7d2lJSeioP5ZyLT0HwUBdnLgNWvNCpzbJxydup1SLpnt5G2NF6nlTgbUZlH4hvxY7t/bw==",
      "cpu": [
        "arm"
      ],
      "optional": true,
      "os": [
        "android"
      ],
      "engines": {
        "node": ">= 10"
      }
    },
    "node_modules/query-process-android-arm64": {
      "version": "0.0.3",
      "resolved": "https://registry.npmjs.org/query-process-android-arm64/-/query-process-android-arm64-0.0.3.tgz",
      "integrity": "sha512-TiAw2yO62vQzM0s02471LToHyUs/PRkLGGlA715z10BPIM5NckzIe245AI45CDyH6tE/3nVHUd0LX/dfjQtTcw==",
      "cpu": [
        "arm64"
      ],
      "optional": true,
      "os": [
        "android"
      ],
      "engines": {
        "node": ">= 10"
      }
    },
    "node_modules/query-process-linux-arm-gnueabihf": {
      "version": "0.0.3",
      "resolved": "https://registry.npmjs.org/query-process-linux-arm-gnueabihf/-/query-process-linux-arm-gnueabihf-0.0.3.tgz",
      "integrity": "sha512-w7NLHBKt7qselCDoh/PVWyeuEb2NiiDDf1A9UB4K3Ns/H24hK3NbfMMBm8mCFxUnFUqoVX8O+VMs7dD/FNlTxA==",
      "cpu": [
        "arm"
      ],
      "optional": true,
      "os": [
        "linux"
      ],
      "engines": {
        "node": ">= 10"
      }
    },
    "node_modules/query-process-linux-arm64-gnu": {
      "version": "0.0.3",
      "resolved": "https://registry.npmjs.org/query-process-linux-arm64-gnu/-/query-process-linux-arm64-gnu-0.0.3.tgz",
      "integrity": "sha512-nrPHjnSqCBuuN7IZkZWOnBpiJjyKOjfpT0Xt2EjSGp+I7C0CHbnhCL/vG1hBzaWZn0mxJ5nf0c5N0Fja7krnpQ==",
      "cpu": [
        "arm64"
      ],
      "optional": true,
      "os": [
        "linux"
      ],
      "engines": {
        "node": ">= 10"
      }
    },
    "node_modules/query-process-linux-arm64-musl": {
      "version": "0.0.3",
      "resolved": "https://registry.npmjs.org/query-process-linux-arm64-musl/-/query-process-linux-arm64-musl-0.0.3.tgz",
      "integrity": "sha512-vk8xMYTnS1PRKhwJgqLKyBAGIFP2CYZW2BsaKuNgQKUrDv7NnBaG7yukZT8niHNO1ycSrFpR/xqeJ8R23hO07A==",
      "cpu": [
        "arm64"
      ],
      "optional": true,
      "os": [
        "linux"
      ],
      "engines": {
        "node": ">= 10"
      }
    },
    "node_modules/query-process-linux-x64-gnu": {
      "version": "0.0.3",
      "resolved": "https://registry.npmjs.org/query-process-linux-x64-gnu/-/query-process-linux-x64-gnu-0.0.3.tgz",
      "integrity": "sha512-j1tGcNnGyVCABJ1PHZD1gKuyuomNzsPow3NDuZzUGjPqvKu67RsmKJJJOhMyT1SvUkcqdLFdtS1KTD20I4GS5Q==",
      "cpu": [
        "x64"
      ],
      "optional": true,
      "os": [
        "linux"
      ],
      "engines": {
        "node": ">= 10"
      }
    },
    "node_modules/query-process-linux-x64-musl": {
      "version": "0.0.3",
      "resolved": "https://registry.npmjs.org/query-process-linux-x64-musl/-/query-process-linux-x64-musl-0.0.3.tgz",
      "integrity": "sha512-AOGrrI/Qcb30iKFstiW60zNG/HQevCY0Q38eMHGd7LrBZ5sEN7NzZOjzKp43KeNHejuZBDMxf0gdGAqDznOAng==",
      "cpu": [
        "x64"
      ],
      "optional": true,
      "os": [
        "linux"
      ],
      "engines": {
        "node": ">= 10"
      }
    },
    "node_modules/query-process-win32-arm64-msvc": {
      "version": "0.0.3",
      "resolved": "https://registry.npmjs.org/query-process-win32-arm64-msvc/-/query-process-win32-arm64-msvc-0.0.3.tgz",
      "integrity": "sha512-LHvxbzMFwPPUXHe4bDCAqs1bYbp8j0bMW8XyJGPZnIYrnwHz6g8VE5WQEtXQxSznsbfVxAKJXUtn088EjDVazw==",
      "cpu": [
        "arm64"
      ],
      "optional": true,
      "os": [
        "win32"
      ],
      "engines": {
        "node": ">= 10"
      }
    },
    "node_modules/query-process-win32-x64-msvc": {
      "version": "0.0.3",
      "resolved": "https://registry.npmjs.org/query-process-win32-x64-msvc/-/query-process-win32-x64-msvc-0.0.3.tgz",
      "integrity": "sha512-LfHAKmfqyKCgl9K+sTz0KyNwMwB79VcXZUy/Et9iQKLuZt7PDYpHWcFdhrfHw2qqIdKWTED8KmnmsOLhUn/2OA==",
      "cpu": [
        "x64"
      ],
      "optional": true,
      "os": [
        "win32"
      ],
      "engines": {
        "node": ">= 10"
      }
    },
    "node_modules/regedit-rs": {
      "version": "1.0.2",
      "resolved": "https://registry.npmjs.org/regedit-rs/-/regedit-rs-1.0.2.tgz",
      "integrity": "sha512-4vEgiZNO1FCG8z/Zx3v/6PU1+eZ+ELe6R0ca+VB96Vw+Mi3M0IVHAjtMFbl97lUSX11dJqpyousX/wY8QcI1lA==",
      "engines": {
        "node": ">= 10"
      },
      "optionalDependencies": {
        "regedit-rs-win32-arm64-msvc": "1.0.2",
        "regedit-rs-win32-ia32-msvc": "1.0.2",
        "regedit-rs-win32-x64-msvc": "1.0.2"
      }
    },
    "node_modules/regedit-rs-win32-arm64-msvc": {
      "version": "1.0.2",
      "resolved": "https://registry.npmjs.org/regedit-rs-win32-arm64-msvc/-/regedit-rs-win32-arm64-msvc-1.0.2.tgz",
      "integrity": "sha512-hM1sxazOJWKmiC9DM8QXW9Iqm50Mh/Y9G4/rRYQpWXjMzq7lTqjwVZRkAoBrHliFS6d1Lt4qkm5+Ybt6GkbDpw==",
      "cpu": [
        "arm64"
      ],
      "optional": true,
      "os": [
        "win32"
      ],
      "engines": {
        "node": ">= 10"
      }
    },
    "node_modules/regedit-rs-win32-ia32-msvc": {
      "version": "1.0.2",
      "resolved": "https://registry.npmjs.org/regedit-rs-win32-ia32-msvc/-/regedit-rs-win32-ia32-msvc-1.0.2.tgz",
      "integrity": "sha512-FLINrCJ30wm6NYw7skQUDET8NP1N46kH77dqesCiU+/FjWzzPE5luZYY+j4uf+hKjPY6/MCj2CB9l9VdPhaBVQ==",
      "cpu": [
        "ia32"
      ],
      "optional": true,
      "os": [
        "win32"
      ],
      "engines": {
        "node": ">= 10"
      }
    },
    "node_modules/regedit-rs-win32-x64-msvc": {
      "version": "1.0.2",
      "resolved": "https://registry.npmjs.org/regedit-rs-win32-x64-msvc/-/regedit-rs-win32-x64-msvc-1.0.2.tgz",
      "integrity": "sha512-ccCSyd5vWBKVWftBKLKzegqwwPMWcQtIW0ub66dCFFuv2s+x2EcZZWGdD9dVXX2Z6V9DU2JRPKgWUNjVPaj6Xg==",
      "cpu": [
        "x64"
      ],
      "optional": true,
      "os": [
        "win32"
      ],
      "engines": {
        "node": ">= 10"
      }
    }
  },
  "dependencies": {
    "@resvg/resvg-js": {
      "version": "2.6.2",
      "resolved": "https://registry.npmjs.org/@resvg/resvg-js/-/resvg-js-2.6.2.tgz",
      "integrity": "sha512-xBaJish5OeGmniDj9cW5PRa/PtmuVU3ziqrbr5xJj901ZDN4TosrVaNZpEiLZAxdfnhAe7uQ7QFWfjPe9d9K2Q==",
      "requires": {
        "@resvg/resvg-js-android-arm-eabi": "2.6.2",
        "@resvg/resvg-js-android-arm64": "2.6.2",
        "@resvg/resvg-js-darwin-arm64": "2.6.2",
        "@resvg/resvg-js-darwin-x64": "2.6.2",
        "@resvg/resvg-js-linux-arm-gnueabihf": "2.6.2",
        "@resvg/resvg-js-linux-arm64-gnu": "2.6.2",
        "@resvg/resvg-js-linux-arm64-musl": "2.6.2",
        "@resvg/resvg-js-linux-x64-gnu": "2.6.2",
        "@resvg/resvg-js-linux-x64-musl": "2.6.2",
        "@resvg/resvg-js-win32-arm64-msvc": "2.6.2",
        "@resvg/resvg-js-win32-ia32-msvc": "2.6.2",
        "@resvg/resvg-js-win32-x64-msvc": "2.6.2"
      }
    },
    "@resvg/resvg-js-android-arm-eabi": {
      "version": "2.6.2",
      "resolved": "https://registry.npmjs.org/@resvg/resvg-js-android-arm-eabi/-/resvg-js-android-arm-eabi-2.6.2.tgz",
      "integrity": "sha512-FrJibrAk6v29eabIPgcTUMPXiEz8ssrAk7TXxsiZzww9UTQ1Z5KAbFJs+Z0Ez+VZTYgnE5IQJqBcoSiMebtPHA==",
      "optional": true
    },
    "@resvg/resvg-js-android-arm64": {
      "version": "2.6.2",
      "resolved": "https://registry.npmjs.org/@resvg/resvg-js-android-arm64/-/resvg-js-android-arm64-2.6.2.tgz",
      "integrity": "sha512-VcOKezEhm2VqzXpcIJoITuvUS/fcjIw5NA/w3tjzWyzmvoCdd+QXIqy3FBGulWdClvp4g+IfUemigrkLThSjAQ==",
      "optional": true
    },
    "@resvg/resvg-js-darwin-arm64": {
      "version": "2.6.2",
      "resolved": "https://registry.npmjs.org/@resvg/resvg-js-darwin-arm64/-/resvg-js-darwin-arm64-2.6.2.tgz",
      "integrity": "sha512-nmok2LnAd6nLUKI16aEB9ydMC6Lidiiq2m1nEBDR1LaaP7FGs4AJ90qDraxX+CWlVuRlvNjyYJTNv8qFjtL9+A==",
      "optional": true
    },
    "@resvg/resvg-js-darwin-x64": {
      "version": "2.6.2",
      "resolved": "https://registry.npmjs.org/@resvg/resvg-js-darwin-x64/-/resvg-js-darwin-x64-2.6.2.tgz",
      "integrity": "sha512-GInyZLjgWDfsVT6+SHxQVRwNzV0AuA1uqGsOAW+0th56J7Nh6bHHKXHBWzUrihxMetcFDmQMAX1tZ1fZDYSRsw==",
      "optional": true
    },
    "@resvg/resvg-js-linux-arm-gnueabihf": {
      "version": "2.6.2",
      "resolved": "https://registry.npmjs.org/@resvg/resvg-js-linux-arm-gnueabihf/-/resvg-js-linux-arm-gnueabihf-2.6.2.tgz",
      "integrity": "sha512-YIV3u/R9zJbpqTTNwTZM5/ocWetDKGsro0SWp70eGEM9eV2MerWyBRZnQIgzU3YBnSBQ1RcxRZvY/UxwESfZIw==",
      "optional": true
    },
    "@resvg/resvg-js-linux-arm64-gnu": {
      "version": "2.6.2",
      "resolved": "https://registry.npmjs.org/@resvg/resvg-js-linux-arm64-gnu/-/resvg-js-linux-arm64-gnu-2.6.2.tgz",
      "integrity": "sha512-zc2BlJSim7YR4FZDQ8OUoJg5holYzdiYMeobb9pJuGDidGL9KZUv7SbiD4E8oZogtYY42UZEap7dqkkYuA91pg==",
      "optional": true
    },
    "@resvg/resvg-js-linux-arm64-musl": {
      "version": "2.6.2",
      "resolved": "https://registry.npmjs.org/@resvg/resvg-js-linux-arm64-musl/-/resvg-js-linux-arm64-musl-2.6.2.tgz",
      "integrity": "sha512-3h3dLPWNgSsD4lQBJPb4f+kvdOSJHa5PjTYVsWHxLUzH4IFTJUAnmuWpw4KqyQ3NA5QCyhw4TWgxk3jRkQxEKg==",
      "optional": true
    },
    "@resvg/resvg-js-linux-x64-gnu": {
      "version": "2.6.2",
      "resolved": "https://registry.npmjs.org/@resvg/resvg-js-linux-x64-gnu/-/resvg-js-linux-x64-gnu-2.6.2.tgz",
      "integrity": "sha512-IVUe+ckIerA7xMZ50duAZzwf1U7khQe2E0QpUxu5MBJNao5RqC0zwV/Zm965vw6D3gGFUl7j4m+oJjubBVoftw==",
      "optional": true
    },
    "@resvg/resvg-js-linux-x64-musl": {
      "version": "2.6.2",
      "resolved": "https://registry.npmjs.org/@resvg/resvg-js-linux-x64-musl/-/resvg-js-linux-x64-musl-2.6.2.tgz",
      "integrity": "sha512-UOf83vqTzoYQO9SZ0fPl2ZIFtNIz/Rr/y+7X8XRX1ZnBYsQ/tTb+cj9TE+KHOdmlTFBxhYzVkP2lRByCzqi4jQ==",
      "optional": true
    },
    "@resvg/resvg-js-win32-arm64-msvc": {
      "version": "2.6.2",
      "resolved": "https://registry.npmjs.org/@resvg/resvg-js-win32-arm64-msvc/-/resvg-js-win32-arm64-msvc-2.6.2.tgz",
      "integrity": "sha512-7C/RSgCa+7vqZ7qAbItfiaAWhyRSoD4l4BQAbVDqRRsRgY+S+hgS3in0Rxr7IorKUpGE69X48q6/nOAuTJQxeQ==",
      "optional": true
    },
    "@resvg/resvg-js-win32-ia32-msvc": {
      "version": "2.6.2",
      "resolved": "https://registry.npmjs.org/@resvg/resvg-js-win32-ia32-msvc/-/resvg-js-win32-ia32-msvc-2.6.2.tgz",
      "integrity": "sha512-har4aPAlvjnLcil40AC77YDIk6loMawuJwFINEM7n0pZviwMkMvjb2W5ZirsNOZY4aDbo5tLx0wNMREp5Brk+w==",
      "optional": true
    },
    "@resvg/resvg-js-win32-x64-msvc": {
      "version": "2.6.2",
      "resolved": "https://registry.npmjs.org/@resvg/resvg-js-win32-x64-msvc/-/resvg-js-win32-x64-msvc-2.6.2.tgz",
      "integrity": "sha512-ZXtYhtUr5SSaBrUDq7DiyjOFJqBVL/dOBN7N/qmi/pO0IgiWW/f/ue3nbvu9joWE5aAKDoIzy/CxsY0suwGosQ==",
      "optional": true
    },
    "ps-list": {
      "version": "7.2.0",
      "resolved": "https://registry.npmjs.org/ps-list/-/ps-list-7.2.0.tgz",
      "integrity": "sha512-v4Bl6I3f2kJfr5o80ShABNHAokIgY+wFDTQfE+X3zWYgSGQOCBeYptLZUpoOALBqO5EawmDN/tjTldJesd0ujQ=="
    },
    "query-process": {
      "version": "0.0.3",
      "resolved": "https://registry.npmjs.org/query-process/-/query-process-0.0.3.tgz",
      "integrity": "sha512-6WRue0P+c84abP0o8MkDvigoS/gkkJzsSBt10PsOoBkP7Yodo4DducFsn9XyS4S+LuVYPAE5Hr4+kVNR5Onykg==",
      "requires": {
        "query-process-android-arm-eabi": "0.0.3",
        "query-process-android-arm64": "0.0.3",
        "query-process-linux-arm-gnueabihf": "0.0.3",
        "query-process-linux-arm64-gnu": "0.0.3",
        "query-process-linux-arm64-musl": "0.0.3",
        "query-process-linux-x64-gnu": "0.0.3",
        "query-process-linux-x64-musl": "0.0.3",
        "query-process-win32-arm64-msvc": "0.0.3",
        "query-process-win32-x64-msvc": "0.0.3"
      }
    },
    "query-process-android-arm-eabi": {
      "version": "0.0.3",
      "resolved": "https://registry.npmjs.org/query-process-android-arm-eabi/-/query-process-android-arm-eabi-0.0.3.tgz",
      "integrity": "sha512-NB+9T+/poBcygDiG+7d2lJSeioP5ZyLT0HwUBdnLgNWvNCpzbJxydup1SLpnt5G2NF6nlTgbUZlH4hvxY7t/bw==",
      "optional": true
    },
    "query-process-android-arm64": {
      "version": "0.0.3",
      "resolved": "https://registry.npmjs.org/query-process-android-arm64/-/query-process-android-arm64-0.0.3.tgz",
      "integrity": "sha512-TiAw2yO62vQzM0s02471LToHyUs/PRkLGGlA715z10BPIM5NckzIe245AI45CDyH6tE/3nVHUd0LX/dfjQtTcw==",
      "optional": true
    },
    "query-process-linux-arm-gnueabihf": {
      "version": "0.0.3",
      "resolved": "https://registry.npmjs.org/query-process-linux-arm-gnueabihf/-/query-process-linux-arm-gnueabihf-0.0.3.tgz",
      "integrity": "sha512-w7NLHBKt7qselCDoh/PVWyeuEb2NiiDDf1A9UB4K3Ns/H24hK3NbfMMBm8mCFxUnFUqoVX8O+VMs7dD/FNlTxA==",
      "optional": true
    },
    "query-process-linux-arm64-gnu": {
      "version": "0.0.3",
      "resolved": "https://registry.npmjs.org/query-process-linux-arm64-gnu/-/query-process-linux-arm64-gnu-0.0.3.tgz",
      "integrity": "sha512-nrPHjnSqCBuuN7IZkZWOnBpiJjyKOjfpT0Xt2EjSGp+I7C0CHbnhCL/vG1hBzaWZn0mxJ5nf0c5N0Fja7krnpQ==",
      "optional": true
    },
    "query-process-linux-arm64-musl": {
      "version": "0.0.3",
      "resolved": "https://registry.npmjs.org/query-process-linux-arm64-musl/-/query-process-linux-arm64-musl-0.0.3.tgz",
      "integrity": "sha512-vk8xMYTnS1PRKhwJgqLKyBAGIFP2CYZW2BsaKuNgQKUrDv7NnBaG7yukZT8niHNO1ycSrFpR/xqeJ8R23hO07A==",
      "optional": true
    },
    "query-process-linux-x64-gnu": {
      "version": "0.0.3",
      "resolved": "https://registry.npmjs.org/query-process-linux-x64-gnu/-/query-process-linux-x64-gnu-0.0.3.tgz",
      "integrity": "sha512-j1tGcNnGyVCABJ1PHZD1gKuyuomNzsPow3NDuZzUGjPqvKu67RsmKJJJOhMyT1SvUkcqdLFdtS1KTD20I4GS5Q==",
      "optional": true
    },
    "query-process-linux-x64-musl": {
      "version": "0.0.3",
      "resolved": "https://registry.npmjs.org/query-process-linux-x64-musl/-/query-process-linux-x64-musl-0.0.3.tgz",
      "integrity": "sha512-AOGrrI/Qcb30iKFstiW60zNG/HQevCY0Q38eMHGd7LrBZ5sEN7NzZOjzKp43KeNHejuZBDMxf0gdGAqDznOAng==",
      "optional": true
    },
    "query-process-win32-arm64-msvc": {
      "version": "0.0.3",
      "resolved": "https://registry.npmjs.org/query-process-win32-arm64-msvc/-/query-process-win32-arm64-msvc-0.0.3.tgz",
      "integrity": "sha512-LHvxbzMFwPPUXHe4bDCAqs1bYbp8j0bMW8XyJGPZnIYrnwHz6g8VE5WQEtXQxSznsbfVxAKJXUtn088EjDVazw==",
      "optional": true
    },
    "query-process-win32-x64-msvc": {
      "version": "0.0.3",
      "resolved": "https://registry.npmjs.org/query-process-win32-x64-msvc/-/query-process-win32-x64-msvc-0.0.3.tgz",
      "integrity": "sha512-LfHAKmfqyKCgl9K+sTz0KyNwMwB79VcXZUy/Et9iQKLuZt7PDYpHWcFdhrfHw2qqIdKWTED8KmnmsOLhUn/2OA==",
      "optional": true
    },
    "regedit-rs": {
      "version": "1.0.2",
      "resolved": "https://registry.npmjs.org/regedit-rs/-/regedit-rs-1.0.2.tgz",
      "integrity": "sha512-4vEgiZNO1FCG8z/Zx3v/6PU1+eZ+ELe6R0ca+VB96Vw+Mi3M0IVHAjtMFbl97lUSX11dJqpyousX/wY8QcI1lA==",
      "requires": {
        "regedit-rs-win32-arm64-msvc": "1.0.2",
        "regedit-rs-win32-ia32-msvc": "1.0.2",
        "regedit-rs-win32-x64-msvc": "1.0.2"
      }
    },
    "regedit-rs-win32-arm64-msvc": {
      "version": "1.0.2",
      "resolved": "https://registry.npmjs.org/regedit-rs-win32-arm64-msvc/-/regedit-rs-win32-arm64-msvc-1.0.2.tgz",
      "integrity": "sha512-hM1sxazOJWKmiC9DM8QXW9Iqm50Mh/Y9G4/rRYQpWXjMzq7lTqjwVZRkAoBrHliFS6d1Lt4qkm5+Ybt6GkbDpw==",
      "optional": true
    },
    "regedit-rs-win32-ia32-msvc": {
      "version": "1.0.2",
      "resolved": "https://registry.npmjs.org/regedit-rs-win32-ia32-msvc/-/regedit-rs-win32-ia32-msvc-1.0.2.tgz",
      "integrity": "sha512-FLINrCJ30wm6NYw7skQUDET8NP1N46kH77dqesCiU+/FjWzzPE5luZYY+j4uf+hKjPY6/MCj2CB9l9VdPhaBVQ==",
      "optional": true
    },
    "regedit-rs-win32-x64-msvc": {
      "version": "1.0.2",
      "resolved": "https://registry.npmjs.org/regedit-rs-win32-x64-msvc/-/regedit-rs-win32-x64-msvc-1.0.2.tgz",
      "integrity": "sha512-ccCSyd5vWBKVWftBKLKzegqwwPMWcQtIW0ub66dCFFuv2s+x2EcZZWGdD9dVXX2Z6V9DU2JRPKgWUNjVPaj6Xg==",
      "optional": true
    }
  }
}
